
Microsoft Visual Studio Solution File, Format Version 12.00
# Visual Studio Version 17
VisualStudioVersion = 17.9.34723.18
MinimumVisualStudioVersion = 10.0.40219.1
Project("{FAE04EC0-301F-11D3-BF4B-00C04F79EFBC}") = "Content", "Content\Content.csproj", "{0C77F17F-8DF2-4C91-8407-9A353169070E}"
EndProject
Global
	GlobalSection(SolutionConfigurationPlatforms) = preSolution
		Debug|Any CPU = Debug|Any CPU
		Release|Any CPU = Release|Any CPU
	EndGlobalSection
	GlobalSection(ProjectConfigurationPlatforms) = postSolution
		{0C77F17F-8DF2-4C91-8407-9A353169070E}.Debug|Any CPU.ActiveCfg = Debug|Any CPU
		{0C77F17F-8DF2-4C91-8407-9A353169070E}.Debug|Any CPU.Build.0 = Debug|Any CPU
		{0C77F17F-8DF2-4C91-8407-9A353169070E}.Release|Any CPU.ActiveCfg = Release|Any CPU
		{0C77F17F-8DF2-4C91-8407-9A353169070E}.Release|Any CPU.Build.0 = Release|Any CPU
	EndGlobalSection
	GlobalSection(SolutionProperties) = preSolution
		HideSolutionNode = FALSE
	EndGlobalSection
	GlobalSection(ExtensibilityGlobals) = postSolution
		SolutionGuid = {15202A61-45DC-4958-AE8E-CC66E0962EAF}
	EndGlobalSection
EndGlobal
